
Microsoft Visual Studio Solution File, Format Version 12.00
# Visual Studio 15
VisualStudioVersion = 15.0.28307.539
MinimumVisualStudioVersion = 10.0.40219.1
Project("{FAE04EC0-301F-11D3-BF4B-00C04F79EFBC}") = "net_use_cmd3", "net_use_cmd3\net_use_cmd3.csproj", "{261553E7-EE34-45EC-B350-8FC36866148A}"
EndProject
Global
	GlobalSection(SolutionConfigurationPlatforms) = preSolution
		Debug|Any CPU = Debug|Any CPU
		Release|Any CPU = Release|Any CPU
	EndGlobalSection
	GlobalSection(ProjectConfigurationPlatforms) = postSolution
		{261553E7-EE34-45EC-B350-8FC36866148A}.Debug|Any CPU.ActiveCfg = Debug|Any CPU
		{261553E7-EE34-45EC-B350-8FC36866148A}.Debug|Any CPU.Build.0 = Debug|Any CPU
		{261553E7-EE34-45EC-B350-8FC36866148A}.Release|Any CPU.ActiveCfg = Release|Any CPU
		{261553E7-EE34-45EC-B350-8FC36866148A}.Release|Any CPU.Build.0 = Release|Any CPU
	EndGlobalSection
	GlobalSection(SolutionProperties) = preSolution
		HideSolutionNode = FALSE
	EndGlobalSection
	GlobalSection(ExtensibilityGlobals) = postSolution
		SolutionGuid = {D487418E-A254-47BB-9DDC-C95C8EC4E9CA}
	EndGlobalSection
EndGlobal
